
Microsoft Visual Studio Solution File, Format Version 12.00
# Visual Studio Version 17
VisualStudioVersion = 17.13.35919.96
MinimumVisualStudioVersion = 10.0.40219.1
Project("{FAE04EC0-301F-11D3-BF4B-00C04F79EFBC}") = "CarForHireConsoleApp", "CarForHireConsoleApp.csproj", "{F5D7C0EA-2950-4B18-96E2-CF8D0FE7C60A}"
EndProject
Project("{FAE04EC0-301F-11D3-BF4B-00C04F79EFBC}") = "DraftCarHireApp", "..\DraftCarHireApp\DraftCarHireApp.csproj", "{C534C80D-3E6A-4D6D-9A8D-26D7749AA919}"
EndProject
Global
	GlobalSection(SolutionConfigurationPlatforms) = preSolution
		Debug|Any CPU = Debug|Any CPU
		Release|Any CPU = Release|Any CPU
	EndGlobalSection
	GlobalSection(ProjectConfigurationPlatforms) = postSolution
		{F5D7C0EA-2950-4B18-96E2-CF8D0FE7C60A}.Debug|Any CPU.ActiveCfg = Debug|Any CPU
		{F5D7C0EA-2950-4B18-96E2-CF8D0FE7C60A}.Debug|Any CPU.Build.0 = Debug|Any CPU
		{F5D7C0EA-2950-4B18-96E2-CF8D0FE7C60A}.Release|Any CPU.ActiveCfg = Release|Any CPU
		{F5D7C0EA-2950-4B18-96E2-CF8D0FE7C60A}.Release|Any CPU.Build.0 = Release|Any CPU
		{C534C80D-3E6A-4D6D-9A8D-26D7749AA919}.Debug|Any CPU.ActiveCfg = Debug|Any CPU
		{C534C80D-3E6A-4D6D-9A8D-26D7749AA919}.Debug|Any CPU.Build.0 = Debug|Any CPU
		{C534C80D-3E6A-4D6D-9A8D-26D7749AA919}.Release|Any CPU.ActiveCfg = Release|Any CPU
		{C534C80D-3E6A-4D6D-9A8D-26D7749AA919}.Release|Any CPU.Build.0 = Release|Any CPU
	EndGlobalSection
	GlobalSection(SolutionProperties) = preSolution
		HideSolutionNode = FALSE
	EndGlobalSection
	GlobalSection(ExtensibilityGlobals) = postSolution
		SolutionGuid = {0F5878EC-0E2E-475E-AD61-687838EC27C0}
	EndGlobalSection
EndGlobal
